// !$*UTF8*$!
{
	archiveVersion = 1;
	classes = {
	};
	objectVersion = 48;
	objects = {

/* Begin PBXBuildFile section */
		AE45D6EB1F972F7500F04896 /* AppDelegate.m in Sources */ = {isa = PBXBuildFile; fileRef = AE45D6EA1F972F7500F04896 /* AppDelegate.m */; };
		AE45D6EE1F972F7500F04896 /* ViewController.m in Sources */ = {isa = PBXBuildFile; fileRef = AE45D6ED1F972F7500F04896 /* ViewController.m */; };
		AE45D6F11F972F7500F04896 /* Main.storyboard in Resources */ = {isa = PBXBuildFile; fileRef = AE45D6EF1F972F7500F04896 /* Main.storyboard */; };
		AE45D6F31F972F7500F04896 /* Assets.xcassets in Resources */ = {isa = PBXBuildFile; fileRef = AE45D6F21F972F7500F04896 /* Assets.xcassets */; };
		AE45D6F61F972F7500F04896 /* LaunchScreen.storyboard in Resources */ = {isa = PBXBuildFile; fileRef = AE45D6F41F972F7500F04896 /* LaunchScreen.storyboard */; };
		AE45D6F91F972F7500F04896 /* main.m in Sources */ = {isa = PBXBuildFile; fileRef = AE45D6F81F972F7500F04896 /* main.m */; };
		AE45DB831F9736B800F04896 /* libGPUImage.a in Frameworks */ = {isa = PBXBuildFile; fileRef = AE45DAC31F97305300F04896 /* libGPUImage.a */; };
		AE45DB851F9736C500F04896 /* CoreMedia.framework in Frameworks */ = {isa = PBXBuildFile; fileRef = AE45DB841F9736C500F04896 /* CoreMedia.framework */; };
		AE45DB871F9736CE00F04896 /* CoreVideo.framework in Frameworks */ = {isa = PBXBuildFile; fileRef = AE45DB861F9736CE00F04896 /* CoreVideo.framework */; };
		AE45DB891F9736D500F04896 /* OpenGLES.framework in Frameworks */ = {isa = PBXBuildFile; fileRef = AE45DB881F9736D500F04896 /* OpenGLES.framework */; };
		AE45DB8B1F9736DB00F04896 /* AVFoundation.framework in Frameworks */ = {isa = PBXBuildFile; fileRef = AE45DB8A1F9736DB00F04896 /* AVFoundation.framework */; };
		AE45DB8D1F9736DF00F04896 /* QuartzCore.framework in Frameworks */ = {isa = PBXBuildFile; fileRef = AE45DB8C1F9736DF00F04896 /* QuartzCore.framework */; };
/* End PBXBuildFile section */

/* Begin PBXContainerItemProxy section */
		AE45DAC21F97305300F04896 /* PBXContainerItemProxy */ = {
			isa = PBXContainerItemProxy;
			containerPortal = AE45D9441F97305200F04896 /* GPUImage.xcodeproj */;
			proxyType = 2;
			remoteGlobalIDString = BCF1A33414DDB1EC00852800;
			remoteInfo = GPUImage;
		};
		AE45DAC41F97305300F04896 /* PBXContainerItemProxy */ = {
			isa = PBXContainerItemProxy;
			containerPortal = AE45D9441F97305200F04896 /* GPUImage.xcodeproj */;
			proxyType = 2;
			remoteGlobalIDString = BCE209E51943F20C002FEED8;
			remoteInfo = GPUImageFramework;
		};
		AE45DB801F9730C500F04896 /* PBXContainerItemProxy */ = {
			isa = PBXContainerItemProxy;
			containerPortal = AE45D9441F97305200F04896 /* GPUImage.xcodeproj */;
			proxyType = 1;
			remoteGlobalIDString = BCF1A33314DDB1EC00852800;
			remoteInfo = GPUImage;
		};
/* End PBXContainerItemProxy section */

/* Begin PBXFileReference section */
		AE45D6E61F972F7500F04896 /* GPUImage-Learing01.app */ = {isa = PBXFileReference; explicitFileType = wrapper.application; includeInIndex = 0; path = "GPUImage-Learing01.app"; sourceTree = BUILT_PRODUCTS_DIR; };
		AE45D6E91F972F7500F04896 /* AppDelegate.h */ = {isa = PBXFileReference; lastKnownFileType = sourcecode.c.h; path = AppDelegate.h; sourceTree = "<group>"; };
		AE45D6EA1F972F7500F04896 /* AppDelegate.m */ = {isa = PBXFileReference; lastKnownFileType = sourcecode.c.objc; path = AppDelegate.m; sourceTree = "<group>"; };
		AE45D6EC1F972F7500F04896 /* ViewController.h */ = {isa = PBXFileReference; lastKnownFileType = sourcecode.c.h; path = ViewController.h; sourceTree = "<group>"; };
		AE45D6ED1F972F7500F04896 /* ViewController.m */ = {isa = PBXFileReference; lastKnownFileType = sourcecode.c.objc; path = ViewController.m; sourceTree = "<group>"; };
		AE45D6F01F972F7500F04896 /* Base */ = {isa = PBXFileReference; lastKnownFileType = file.storyboard; name = Base; path = Base.lproj/Main.storyboard; sourceTree = "<group>"; };
		AE45D6F21F972F7500F04896 /* Assets.xcassets */ = {isa = PBXFileReference; lastKnownFileType = folder.assetcatalog; path = Assets.xcassets; sourceTree = "<group>"; };
		AE45D6F51F972F7500F04896 /* Base */ = {isa = PBXFileReference; lastKnownFileType = file.storyboard; name = Base; path = Base.lproj/LaunchScreen.storyboard; sourceTree = "<group>"; };
		AE45D6F71F972F7500F04896 /* Info.plist */ = {isa = PBXFileReference; lastKnownFileType = text.plist.xml; path = Info.plist; sourceTree = "<group>"; };
		AE45D6F81F972F7500F04896 /* main.m */ = {isa = PBXFileReference; lastKnownFileType = sourcecode.c.objc; path = main.m; sourceTree = "<group>"; };
		AE45D9441F97305200F04896 /* GPUImage.xcodeproj */ = {isa = PBXFileReference; lastKnownFileType = "wrapper.pb-project"; path = GPUImage.xcodeproj; sourceTree = "<group>"; };
		AE45DB841F9736C500F04896 /* CoreMedia.framework */ = {isa = PBXFileReference; lastKnownFileType = wrapper.framework; name = CoreMedia.framework; path = System/Library/Frameworks/CoreMedia.framework; sourceTree = SDKROOT; };
		AE45DB861F9736CE00F04896 /* CoreVideo.framework */ = {isa = PBXFileReference; lastKnownFileType = wrapper.framework; name = CoreVideo.framework; path = System/Library/Frameworks/CoreVideo.framework; sourceTree = SDKROOT; };
		AE45DB881F9736D500F04896 /* OpenGLES.framework */ = {isa = PBXFileReference; lastKnownFileType = wrapper.framework; name = OpenGLES.framework; path = System/Library/Frameworks/OpenGLES.framework; sourceTree = SDKROOT; };
		AE45DB8A1F9736DB00F04896 /* AVFoundation.framework */ = {isa = PBXFileReference; lastKnownFileType = wrapper.framework; name = AVFoundation.framework; path = System/Library/Frameworks/AVFoundation.framework; sourceTree = SDKROOT; };
		AE45DB8C1F9736DF00F04896 /* QuartzCore.framework */ = {isa = PBXFileReference; lastKnownFileType = wrapper.framework; name = QuartzCore.framework; path = System/Library/Frameworks/QuartzCore.framework; sourceTree = SDKROOT; };
/* End PBXFileReference section */

/* Begin PBXFrameworksBuildPhase section */
		AE45D6E31F972F7500F04896 /* Frameworks */ = {
			isa = PBXFrameworksBuildPhase;
			buildActionMask = 2147483647;
			files = (
				AE45DB8D1F9736DF00F04896 /* QuartzCore.framework in Frameworks */,
				AE45DB8B1F9736DB00F04896 /* AVFoundation.framework in Frameworks */,
				AE45DB891F9736D500F04896 /* OpenGLES.framework in Frameworks */,
				AE45DB871F9736CE00F04896 /* CoreVideo.framework in Frameworks */,
				AE45DB851F9736C500F04896 /* CoreMedia.framework in Frameworks */,
				AE45DB831F9736B800F04896 /* libGPUImage.a in Frameworks */,
			);
			runOnlyForDeploymentPostprocessing = 0;
		};
/* End PBXFrameworksBuildPhase section */

/* Begin PBXGroup section */
		AE45D6DD1F972F7500F04896 = {
			isa = PBXGroup;
			children = (
				AE45D9431F97305200F04896 /* GPUImage */,
				AE45D6E81F972F7500F04896 /* GPUImage-Learing01 */,
				AE45D6E71F972F7500F04896 /* Products */,
				AE45DB821F9736B800F04896 /* Frameworks */,
			);
			sourceTree = "<group>";
		};
		AE45D6E71F972F7500F04896 /* Products */ = {
			isa = PBXGroup;
			children = (
				AE45D6E61F972F7500F04896 /* GPUImage-Learing01.app */,
			);
			name = Products;
			sourceTree = "<group>";
		};
		AE45D6E81F972F7500F04896 /* GPUImage-Learing01 */ = {
			isa = PBXGroup;
			children = (
				AE45D6E91F972F7500F04896 /* AppDelegate.h */,
				AE45D6EA1F972F7500F04896 /* AppDelegate.m */,
				AE45D6EC1F972F7500F04896 /* ViewController.h */,
				AE45D6ED1F972F7500F04896 /* ViewController.m */,
				AE45D6EF1F972F7500F04896 /* Main.storyboard */,
				AE45D6F21F972F7500F04896 /* Assets.xcassets */,
				AE45D6F41F972F7500F04896 /* LaunchScreen.storyboard */,
				AE45D6F71F972F7500F04896 /* Info.plist */,
				AE45D6F81F972F7500F04896 /* main.m */,
			);
			path = "GPUImage-Learing01";
			sourceTree = "<group>";
		};
		AE45D9431F97305200F04896 /* GPUImage */ = {
			isa = PBXGroup;
			children = (
				AE45D9441F97305200F04896 /* GPUImage.xcodeproj */,
			);
			path = GPUImage;
			sourceTree = "<group>";
		};
		AE45D9451F97305200F04896 /* Products */ = {
			isa = PBXGroup;
			children = (
				AE45DAC31F97305300F04896 /* libGPUImage.a */,
				AE45DAC51F97305300F04896 /* GPUImage.framework */,
			);
			name = Products;
			sourceTree = "<group>";
		};
		AE45DB821F9736B800F04896 /* Frameworks */ = {
			isa = PBXGroup;
			children = (
				AE45DB8C1F9736DF00F04896 /* QuartzCore.framework */,
				AE45DB8A1F9736DB00F04896 /* AVFoundation.framework */,
				AE45DB881F9736D500F04896 /* OpenGLES.framework */,
				AE45DB861F9736CE00F04896 /* CoreVideo.framework */,
				AE45DB841F9736C500F04896 /* CoreMedia.framework */,
			);
			name = Frameworks;
			sourceTree = "<group>";
		};
/* End PBXGroup section */

/* Begin PBXNativeTarget section */
		AE45D6E51F972F7500F04896 /* GPUImage-Learing01 */ = {
			isa = PBXNativeTarget;
			buildConfigurationList = AE45D6FC1F972F7500F04896 /* Build configuration list for PBXNativeTarget "GPUImage-Learing01" */;
			buildPhases = (
				AE45D6E21F972F7500F04896 /* Sources */,
				AE45D6E31F972F7500F04896 /* Frameworks */,
				AE45D6E41F972F7500F04896 /* Resources */,
			);
			buildRules = (
			);
			dependencies = (
				AE45DB811F9730C500F04896 /* PBXTargetDependency */,
			);
			name = "GPUImage-Learing01";
			productName = "GPUImage-Learing01";
			productReference = AE45D6E61F972F7500F04896 /* GPUImage-Learing01.app */;
			productType = "com.apple.product-type.application";
		};
/* End PBXNativeTarget section */

/* Begin PBXProject section */
		AE45D6DE1F972F7500F04896 /* Project object */ = {
			isa = PBXProject;
			attributes = {
				LastUpgradeCheck = 0900;
				ORGANIZATIONNAME = "郝高明";
				TargetAttributes = {
					AE45D6E51F972F7500F04896 = {
						CreatedOnToolsVersion = 9.0;
						ProvisioningStyle = Manual;
					};
				};
			};
			buildConfigurationList = AE45D6E11F972F7500F04896 /* Build configuration list for PBXProject "GPUImage-Learing01" */;
			compatibilityVersion = "Xcode 8.0";
			developmentRegion = en;
			hasScannedForEncodings = 0;
			knownRegions = (
				en,
				Base,
			);
			mainGroup = AE45D6DD1F972F7500F04896;
			productRefGroup = AE45D6E71F972F7500F04896 /* Products */;
			projectDirPath = "";
			projectReferences = (
				{
					ProductGroup = AE45D9451F97305200F04896 /* Products */;
					ProjectRef = AE45D9441F97305200F04896 /* GPUImage.xcodeproj */;
				},
			);
			projectRoot = "";
			targets = (
				AE45D6E51F972F7500F04896 /* GPUImage-Learing01 */,
			);
		};
/* End PBXProject section */

/* Begin PBXReferenceProxy section */
		AE45DAC31F97305300F04896 /* libGPUImage.a */ = {
			isa = PBXReferenceProxy;
			fileType = archive.ar;
			path = libGPUImage.a;
			remoteRef = AE45DAC21F97305300F04896 /* PBXContainerItemProxy */;
			sourceTree = BUILT_PRODUCTS_DIR;
		};
		AE45DAC51F97305300F04896 /* GPUImage.framework */ = {
			isa = PBXReferenceProxy;
			fileType = wrapper.framework;
			path = GPUImage.framework;
			remoteRef = AE45DAC41F97305300F04896 /* PBXContainerItemProxy */;
			sourceTree = BUILT_PRODUCTS_DIR;
		};
/* End PBXReferenceProxy section */

/* Begin PBXResourcesBuildPhase section */
		AE45D6E41F972F7500F04896 /* Resources */ = {
			isa = PBXResourcesBuildPhase;
			buildActionMask = 2147483647;
			files = (
				AE45D6F61F972F7500F04896 /* LaunchScreen.storyboard in Resources */,
				AE45D6F31F972F7500F04896 /* Assets.xcassets in Resources */,
				AE45D6F11F972F7500F04896 /* Main.storyboard in Resources */,
			);
			runOnlyForDeploymentPostprocessing = 0;
		};
/* End PBXResourcesBuildPhase section */

/* Begin PBXSourcesBuildPhase section */
		AE45D6E21F972F7500F04896 /* Sources */ = {
			isa = PBXSourcesBuildPhase;
			buildActionMask = 2147483647;
			files = (
				AE45D6EE1F972F7500F04896 /* ViewController.m in Sources */,
				AE45D6F91F972F7500F04896 /* main.m in Sources */,
				AE45D6EB1F972F7500F04896 /* AppDelegate.m in Sources */,
			);
			runOnlyForDeploymentPostprocessing = 0;
		};
/* End PBXSourcesBuildPhase section */

/* Begin PBXTargetDependency section */
		AE45DB811F9730C500F04896 /* PBXTargetDependency */ = {
			isa = PBXTargetDependency;
			name = GPUImage;
			targetProxy = AE45DB801F9730C500F04896 /* PBXContainerItemProxy */;
		};
/* End PBXTargetDependency section */

/* Begin PBXVariantGroup section */
		AE45D6EF1F972F7500F04896 /* Main.storyboard */ = {
			isa = PBXVariantGroup;
			children = (
				AE45D6F01F972F7500F04896 /* Base */,
			);
			name = Main.storyboard;
			sourceTree = "<group>";
		};
		AE45D6F41F972F7500F04896 /* LaunchScreen.storyboard */ = {
			isa = PBXVariantGroup;
			children = (
				AE45D6F51F972F7500F04896 /* Base */,
			);
			name = LaunchScreen.storyboard;
			sourceTree = "<group>";
		};
/* End PBXVariantGroup section */

/* Begin XCBuildConfiguration section */
		AE45D6FA1F972F7500F04896 /* Debug */ = {
			isa = XCBuildConfiguration;
			buildSettings = {
				ALWAYS_SEARCH_USER_PATHS = NO;
				CLANG_ANALYZER_NONNULL = YES;
				CLANG_ANALYZER_NUMBER_OBJECT_CONVERSION = YES_AGGRESSIVE;
				CLANG_CXX_LANGUAGE_STANDARD = "gnu++14";
				CLANG_CXX_LIBRARY = "libc++";
				CLANG_ENABLE_MODULES = YES;
				CLANG_ENABLE_OBJC_ARC = YES;
				CLANG_WARN_BLOCK_CAPTURE_AUTORELEASING = YES;
				CLANG_WARN_BOOL_CONVERSION = YES;
				CLANG_WARN_COMMA = YES;
				CLANG_WARN_CONSTANT_CONVERSION = YES;
				CLANG_WARN_DIRECT_OBJC_ISA_USAGE = YES_ERROR;
				CLANG_WARN_DOCUMENTATION_COMMENTS = YES;
				CLANG_WARN_EMPTY_BODY = YES;
				CLANG_WARN_ENUM_CONVERSION = YES;
				CLANG_WARN_INFINITE_RECURSION = YES;
				CLANG_WARN_INT_CONVERSION = YES;
				CLANG_WARN_NON_LITERAL_NULL_CONVERSION = YES;
				CLANG_WARN_OBJC_LITERAL_CONVERSION = YES;
				CLANG_WARN_OBJC_ROOT_CLASS = YES_ERROR;
				CLANG_WARN_RANGE_LOOP_ANALYSIS = YES;
				CLANG_WARN_STRICT_PROTOTYPES = YES;
				CLANG_WARN_SUSPICIOUS_MOVE = YES;
				CLANG_WARN_UNGUARDED_AVAILABILITY = YES_AGGRESSIVE;
				CLANG_WARN_UNREACHABLE_CODE = YES;
				CLANG_WARN__DUPLICATE_METHOD_MATCH = YES;
				CODE_SIGN_IDENTITY = "iPhone Developer";
				COPY_PHASE_STRIP = NO;
				DEBUG_INFORMATION_FORMAT = dwarf;
				ENABLE_STRICT_OBJC_MSGSEND = YES;
				ENABLE_TESTABILITY = YES;
				GCC_C_LANGUAGE_STANDARD = gnu11;
				GCC_DYNAMIC_NO_PIC = NO;
				GCC_NO_COMMON_BLOCKS = YES;
				GCC_OPTIMIZATION_LEVEL = 0;
				GCC_PREPROCESSOR_DEFINITIONS = (
					"DEBUG=1",
					"$(inherited)",
				);
				GCC_WARN_64_TO_32_BIT_CONVERSION = YES;
				GCC_WARN_ABOUT_RETURN_TYPE = YES_ERROR;
				GCC_WARN_UNDECLARED_SELECTOR = YES;
				GCC_WARN_UNINITIALIZED_AUTOS = YES_AGGRESSIVE;
				GCC_WARN_UNUSED_FUNCTION = YES;
				GCC_WARN_UNUSED_VARIABLE = YES;
				IPHONEOS_DEPLOYMENT_TARGET = 11.0;
				MTL_ENABLE_DEBUG_INFO = YES;
				ONLY_ACTIVE_ARCH = YES;
				SDKROOT = iphoneos;
			};
			name = Debug;
		};
		AE45D6FB1F972F7500F04896 /* Release */ = {
			isa = XCBuildConfiguration;
			buildSettings = {
				ALWAYS_SEARCH_USER_PATHS = NO;
				CLANG_ANALYZER_NONNULL = YES;
				CLANG_ANALYZER_NUMBER_OBJECT_CONVERSION = YES_AGGRESSIVE;
				CLANG_CXX_LANGUAGE_STANDARD = "gnu++14";
				CLANG_CXX_LIBRARY = "libc++";
				CLANG_ENABLE_MODULES = YES;
				CLANG_ENABLE_OBJC_ARC = YES;
				CLANG_WARN_BLOCK_CAPTURE_AUTORELEASING = YES;
				CLANG_WARN_BOOL_CONVERSION = YES;
				CLANG_WARN_COMMA = YES;
				CLANG_WARN_CONSTANT_CONVERSION = YES;
				CLANG_WARN_DIRECT_OBJC_ISA_USAGE = YES_ERROR;
				CLANG_WARN_DOCUMENTATION_COMMENTS = YES;
				CLANG_WARN_EMPTY_BODY = YES;
				CLANG_WARN_ENUM_CONVERSION = YES;
				CLANG_WARN_INFINITE_RECURSION = YES;
				CLANG_WARN_INT_CONVERSION = YES;
				CLANG_WARN_NON_LITERAL_NULL_CONVERSION = YES;
				CLANG_WARN_OBJC_LITERAL_CONVERSION = YES;
				CLANG_WARN_OBJC_ROOT_CLASS = YES_ERROR;
				CLANG_WARN_RANGE_LOOP_ANALYSIS = YES;
				CLANG_WARN_STRICT_PROTOTYPES = YES;
				CLANG_WARN_SUSPICIOUS_MOVE = YES;
				CLANG_WARN_UNGUARDED_AVAILABILITY = YES_AGGRESSIVE;
				CLANG_WARN_UNREACHABLE_CODE = YES;
				CLANG_WARN__DUPLICATE_METHOD_MATCH = YES;
				CODE_SIGN_IDENTITY = "iPhone Developer";
				COPY_PHASE_STRIP = NO;
				DEBUG_INFORMATION_FORMAT = "dwarf-with-dsym";
				ENABLE_NS_ASSERTIONS = NO;
				ENABLE_STRICT_OBJC_MSGSEND = YES;
				GCC_C_LANGUAGE_STANDARD = gnu11;
				GCC_NO_COMMON_BLOCKS = YES;
				GCC_WARN_64_TO_32_BIT_CONVERSION = YES;
				GCC_WARN_ABOUT_RETURN_TYPE = YES_ERROR;
				GCC_WARN_UNDECLARED_SELECTOR = YES;
				GCC_WARN_UNINITIALIZED_AUTOS = YES_AGGRESSIVE;
				GCC_WARN_UNUSED_FUNCTION = YES;
				GCC_WARN_UNUSED_VARIABLE = YES;
				IPHONEOS_DEPLOYMENT_TARGET = 11.0;
				MTL_ENABLE_DEBUG_INFO = NO;
				SDKROOT = iphoneos;
				VALIDATE_PRODUCT = YES;
			};
			name = Release;
		};
		AE45D6FD1F972F7500F04896 /* Debug */ = {
			isa = XCBuildConfiguration;
			buildSettings = {
				ASSETCATALOG_COMPILER_APPICON_NAME = AppIcon;
				CODE_SIGN_STYLE = Manual;
				DEVELOPMENT_TEAM = "";
				HEADER_SEARCH_PATHS = "GPUImage/**";
				INFOPLIST_FILE = "GPUImage-Learing01/Info.plist";
				LD_RUNPATH_SEARCH_PATHS = "$(inherited) @executable_path/Frameworks";
				OTHER_LDFLAGS = (
					"-ObjC",
					"-fobjc-arc",
				);
				PRODUCT_BUNDLE_IDENTIFIER = "com.artron.GPUImage-Learing01";
				PRODUCT_NAME = "$(TARGET_NAME)";
				PROVISIONING_PROFILE_SPECIFIER = "";
				TARGETED_DEVICE_FAMILY = "1,2";
			};
			name = Debug;
		};
		AE45D6FE1F972F7500F04896 /* Release */ = {
			isa = XCBuildConfiguration;
			buildSettings = {
				ASSETCATALOG_COMPILER_APPICON_NAME = AppIcon;
				CODE_SIGN_STYLE = Manual;
				DEVELOPMENT_TEAM = "";
				HEADER_SEARCH_PATHS = "GPUImage/**";
				INFOPLIST_FILE = "GPUImage-Learing01/Info.plist";
				LD_RUNPATH_SEARCH_PATHS = "$(inherited) @executable_path/Frameworks";
				OTHER_LDFLAGS = (
					"-ObjC",
					"-fobjc-arc",
				);
				PRODUCT_BUNDLE_IDENTIFIER = "com.artron.GPUImage-Learing01";
				PRODUCT_NAME = "$(TARGET_NAME)";
				PROVISIONING_PROFILE_SPECIFIER = "";
				TARGETED_DEVICE_FAMILY = "1,2";
			};
			name = Release;
		};
/* End XCBuildConfiguration section */

/* Begin XCConfigurationList section */
		AE45D6E11F972F7500F04896 /* Build configuration list for PBXProject "GPUImage-Learing01" */ = {
			isa = XCConfigurationList;
			buildConfigurations = (
				AE45D6FA1F972F7500F04896 /* Debug */,
				AE45D6FB1F972F7500F04896 /* Release */,
			);
			defaultConfigurationIsVisible = 0;
			defaultConfigurationName = Release;
		};
		AE45D6FC1F972F7500F04896 /* Build configuration list for PBXNativeTarget "GPUImage-Learing01" */ = {
			isa = XCConfigurationList;
			buildConfigurations = (
				AE45D6FD1F972F7500F04896 /* Debug */,
				AE45D6FE1F972F7500F04896 /* Release */,
			);
			defaultConfigurationIsVisible = 0;
			defaultConfigurationName = Release;
		};
/* End XCConfigurationList section */
	};
	rootObject = AE45D6DE1F972F7500F04896 /* Project object */;
}
